
Microsoft Visual Studio Solution File, Format Version 12.00
# Visual Studio 15
VisualStudioVersion = 15.0.27703.2042
MinimumVisualStudioVersion = 10.0.40219.1
Project("{2150E333-8FDC-42A3-9474-1A3956D46DE8}") = "OCR.Agent", "OCR.Agent", "{B22EF083-7F16-418F-B6F7-613F969470EC}"
EndProject
Project("{2150E333-8FDC-42A3-9474-1A3956D46DE8}") = "OCR.Master", "OCR.Master", "{78AE3AD6-CEAD-4A39-A739-3C7CF01B77BE}"
EndProject
Project("{2150E333-8FDC-42A3-9474-1A3956D46DE8}") = "OCR.Common", "OCR.Common", "{32DCF256-7E86-4AFC-956A-F078E8B44441}"
EndProject
Project("{FAE04EC0-301F-11D3-BF4B-00C04F79EFBC}") = "OCR.Master.Web", "OCR.Master\OCR.Master.Web\OCR.Master.Web.csproj", "{26ABD7FF-1661-4CF8-893F-A26573999B4D}"
EndProject
Project("{FAE04EC0-301F-11D3-BF4B-00C04F79EFBC}") = "OCR.Common.Utilities", "OCR.Common\OCR.Common.Utilities\OCR.Common.Utilities.csproj", "{C84B8D9B-9211-4788-82CC-6162DB43E20E}"
EndProject
Project("{FAE04EC0-301F-11D3-BF4B-00C04F79EFBC}") = "OCR.Agent.OWIN", "OCR.Agent\OCR.Agent.OWIN\OCR.Agent.OWIN.csproj", "{019E6016-5282-4C2B-BFBB-1896E3165729}"
EndProject
Project("{FAE04EC0-301F-11D3-BF4B-00C04F79EFBC}") = "OCR.Agent.Process", "OCR.Agent\OCR.Agent.Process\OCR.Agent.Process.csproj", "{C443CB50-0365-4F1E-9E61-E9B050D324B1}"
EndProject
Project("{FAE04EC0-301F-11D3-BF4B-00C04F79EFBC}") = "OCR.Agent.Register", "OCR.Agent\OCR.Agent.Register\OCR.Agent.Register.csproj", "{80AC9C06-E46C-4E68-82CC-ABF68C76AA84}"
EndProject
Project("{FAE04EC0-301F-11D3-BF4B-00C04F79EFBC}") = "OCR.Common.Model", "OCR.Common\OCR.Common.Model\OCR.Common.Model.csproj", "{995C5158-135B-4364-B0A2-AE1F45C3D75A}"
EndProject
Project("{FAE04EC0-301F-11D3-BF4B-00C04F79EFBC}") = "OCR.Master.Model", "OCR.Master\OCR.Master.Model\OCR.Master.Model.csproj", "{45E41959-0F0A-4F2C-872F-E7D5A9C5A543}"
EndProject
Project("{FAE04EC0-301F-11D3-BF4B-00C04F79EFBC}") = "OCR.Master.Business", "OCR.Master\OCR.Master.Business\OCR.Master.Business.csproj", "{F7252A1E-4308-43E4-8655-ECC319FDD065}"
EndProject
Global
	GlobalSection(SolutionConfigurationPlatforms) = preSolution
		Debug|Any CPU = Debug|Any CPU
		Release|Any CPU = Release|Any CPU
	EndGlobalSection
	GlobalSection(ProjectConfigurationPlatforms) = postSolution
		{26ABD7FF-1661-4CF8-893F-A26573999B4D}.Debug|Any CPU.ActiveCfg = Debug|Any CPU
		{26ABD7FF-1661-4CF8-893F-A26573999B4D}.Debug|Any CPU.Build.0 = Debug|Any CPU
		{26ABD7FF-1661-4CF8-893F-A26573999B4D}.Release|Any CPU.ActiveCfg = Release|Any CPU
		{26ABD7FF-1661-4CF8-893F-A26573999B4D}.Release|Any CPU.Build.0 = Release|Any CPU
		{C84B8D9B-9211-4788-82CC-6162DB43E20E}.Debug|Any CPU.ActiveCfg = Debug|Any CPU
		{C84B8D9B-9211-4788-82CC-6162DB43E20E}.Debug|Any CPU.Build.0 = Debug|Any CPU
		{C84B8D9B-9211-4788-82CC-6162DB43E20E}.Release|Any CPU.ActiveCfg = Release|Any CPU
		{C84B8D9B-9211-4788-82CC-6162DB43E20E}.Release|Any CPU.Build.0 = Release|Any CPU
		{019E6016-5282-4C2B-BFBB-1896E3165729}.Debug|Any CPU.ActiveCfg = Debug|Any CPU
		{019E6016-5282-4C2B-BFBB-1896E3165729}.Debug|Any CPU.Build.0 = Debug|Any CPU
		{019E6016-5282-4C2B-BFBB-1896E3165729}.Release|Any CPU.ActiveCfg = Release|Any CPU
		{019E6016-5282-4C2B-BFBB-1896E3165729}.Release|Any CPU.Build.0 = Release|Any CPU
		{C443CB50-0365-4F1E-9E61-E9B050D324B1}.Debug|Any CPU.ActiveCfg = Debug|Any CPU
		{C443CB50-0365-4F1E-9E61-E9B050D324B1}.Debug|Any CPU.Build.0 = Debug|Any CPU
		{C443CB50-0365-4F1E-9E61-E9B050D324B1}.Release|Any CPU.ActiveCfg = Release|Any CPU
		{C443CB50-0365-4F1E-9E61-E9B050D324B1}.Release|Any CPU.Build.0 = Release|Any CPU
		{80AC9C06-E46C-4E68-82CC-ABF68C76AA84}.Debug|Any CPU.ActiveCfg = Debug|Any CPU
		{80AC9C06-E46C-4E68-82CC-ABF68C76AA84}.Debug|Any CPU.Build.0 = Debug|Any CPU
		{80AC9C06-E46C-4E68-82CC-ABF68C76AA84}.Release|Any CPU.ActiveCfg = Release|Any CPU
		{80AC9C06-E46C-4E68-82CC-ABF68C76AA84}.Release|Any CPU.Build.0 = Release|Any CPU
		{995C5158-135B-4364-B0A2-AE1F45C3D75A}.Debug|Any CPU.ActiveCfg = Debug|Any CPU
		{995C5158-135B-4364-B0A2-AE1F45C3D75A}.Debug|Any CPU.Build.0 = Debug|Any CPU
		{995C5158-135B-4364-B0A2-AE1F45C3D75A}.Release|Any CPU.ActiveCfg = Release|Any CPU
		{995C5158-135B-4364-B0A2-AE1F45C3D75A}.Release|Any CPU.Build.0 = Release|Any CPU
		{45E41959-0F0A-4F2C-872F-E7D5A9C5A543}.Debug|Any CPU.ActiveCfg = Debug|Any CPU
		{45E41959-0F0A-4F2C-872F-E7D5A9C5A543}.Debug|Any CPU.Build.0 = Debug|Any CPU
		{45E41959-0F0A-4F2C-872F-E7D5A9C5A543}.Release|Any CPU.ActiveCfg = Release|Any CPU
		{45E41959-0F0A-4F2C-872F-E7D5A9C5A543}.Release|Any CPU.Build.0 = Release|Any CPU
		{F7252A1E-4308-43E4-8655-ECC319FDD065}.Debug|Any CPU.ActiveCfg = Debug|Any CPU
		{F7252A1E-4308-43E4-8655-ECC319FDD065}.Debug|Any CPU.Build.0 = Debug|Any CPU
		{F7252A1E-4308-43E4-8655-ECC319FDD065}.Release|Any CPU.ActiveCfg = Release|Any CPU
		{F7252A1E-4308-43E4-8655-ECC319FDD065}.Release|Any CPU.Build.0 = Release|Any CPU
	EndGlobalSection
	GlobalSection(SolutionProperties) = preSolution
		HideSolutionNode = FALSE
	EndGlobalSection
	GlobalSection(NestedProjects) = preSolution
		{26ABD7FF-1661-4CF8-893F-A26573999B4D} = {78AE3AD6-CEAD-4A39-A739-3C7CF01B77BE}
		{C84B8D9B-9211-4788-82CC-6162DB43E20E} = {32DCF256-7E86-4AFC-956A-F078E8B44441}
		{019E6016-5282-4C2B-BFBB-1896E3165729} = {B22EF083-7F16-418F-B6F7-613F969470EC}
		{C443CB50-0365-4F1E-9E61-E9B050D324B1} = {B22EF083-7F16-418F-B6F7-613F969470EC}
		{80AC9C06-E46C-4E68-82CC-ABF68C76AA84} = {B22EF083-7F16-418F-B6F7-613F969470EC}
		{995C5158-135B-4364-B0A2-AE1F45C3D75A} = {32DCF256-7E86-4AFC-956A-F078E8B44441}
		{45E41959-0F0A-4F2C-872F-E7D5A9C5A543} = {78AE3AD6-CEAD-4A39-A739-3C7CF01B77BE}
		{F7252A1E-4308-43E4-8655-ECC319FDD065} = {78AE3AD6-CEAD-4A39-A739-3C7CF01B77BE}
	EndGlobalSection
	GlobalSection(ExtensibilityGlobals) = postSolution
		SolutionGuid = {3A26AC41-EFCC-41E9-9757-192A9DBA1C3D}
	EndGlobalSection
EndGlobal
